
Microsoft Visual Studio Solution File, Format Version 12.00
# Visual Studio Version 16
VisualStudioVersion = 16.0.29509.3
MinimumVisualStudioVersion = 10.0.40219.1
Project("{FAE04EC0-301F-11D3-BF4B-00C04F79EFBC}") = "sal_liquido.Android", "sal_liquido\sal_liquido.Android\sal_liquido.Android.csproj", "{779E2A8D-F27D-4B6D-A8A1-58B46871742D}"
EndProject
Project("{FAE04EC0-301F-11D3-BF4B-00C04F79EFBC}") = "sal_liquido", "sal_liquido\sal_liquido\sal_liquido.csproj", "{2A9FE874-C322-4A60-9764-D9EAFD55D6E9}"
EndProject
Global
	GlobalSection(SolutionConfigurationPlatforms) = preSolution
		Debug|Any CPU = Debug|Any CPU
		Release|Any CPU = Release|Any CPU
	EndGlobalSection
	GlobalSection(ProjectConfigurationPlatforms) = postSolution
		{779E2A8D-F27D-4B6D-A8A1-58B46871742D}.Debug|Any CPU.ActiveCfg = Debug|Any CPU
		{779E2A8D-F27D-4B6D-A8A1-58B46871742D}.Debug|Any CPU.Build.0 = Debug|Any CPU
		{779E2A8D-F27D-4B6D-A8A1-58B46871742D}.Debug|Any CPU.Deploy.0 = Debug|Any CPU
		{779E2A8D-F27D-4B6D-A8A1-58B46871742D}.Release|Any CPU.ActiveCfg = Release|Any CPU
		{779E2A8D-F27D-4B6D-A8A1-58B46871742D}.Release|Any CPU.Build.0 = Release|Any CPU
		{779E2A8D-F27D-4B6D-A8A1-58B46871742D}.Release|Any CPU.Deploy.0 = Release|Any CPU
		{2A9FE874-C322-4A60-9764-D9EAFD55D6E9}.Debug|Any CPU.ActiveCfg = Debug|Any CPU
		{2A9FE874-C322-4A60-9764-D9EAFD55D6E9}.Debug|Any CPU.Build.0 = Debug|Any CPU
		{2A9FE874-C322-4A60-9764-D9EAFD55D6E9}.Debug|Any CPU.Deploy.0 = Debug|Any CPU
		{2A9FE874-C322-4A60-9764-D9EAFD55D6E9}.Release|Any CPU.ActiveCfg = Release|Any CPU
		{2A9FE874-C322-4A60-9764-D9EAFD55D6E9}.Release|Any CPU.Build.0 = Release|Any CPU
		{2A9FE874-C322-4A60-9764-D9EAFD55D6E9}.Release|Any CPU.Deploy.0 = Release|Any CPU
	EndGlobalSection
	GlobalSection(SolutionProperties) = preSolution
		HideSolutionNode = FALSE
	EndGlobalSection
	GlobalSection(ExtensibilityGlobals) = postSolution
		SolutionGuid = {D838344F-CFD9-4AD1-94D6-25883A1881C5}
	EndGlobalSection
EndGlobal
